
Microsoft Visual Studio Solution File, Format Version 12.00
# Visual Studio 14
VisualStudioVersion = 14.0.24720.0
MinimumVisualStudioVersion = 10.0.40219.1
Project("{FAE04EC0-301F-11D3-BF4B-00C04F79EFBC}") = "Trb2xlsx", "TrbExport\Trb2xlsx.csproj", "{486DB752-C0EC-4D46-89D2-0C58DDFD797B}"
EndProject
Global
	GlobalSection(SolutionConfigurationPlatforms) = preSolution
		Debug|Any CPU = Debug|Any CPU
		Release|Any CPU = Release|Any CPU
	EndGlobalSection
	GlobalSection(ProjectConfigurationPlatforms) = postSolution
		{486DB752-C0EC-4D46-89D2-0C58DDFD797B}.Debug|Any CPU.ActiveCfg = Debug|Any CPU
		{486DB752-C0EC-4D46-89D2-0C58DDFD797B}.Debug|Any CPU.Build.0 = Debug|Any CPU
		{486DB752-C0EC-4D46-89D2-0C58DDFD797B}.Release|Any CPU.ActiveCfg = Release|Any CPU
		{486DB752-C0EC-4D46-89D2-0C58DDFD797B}.Release|Any CPU.Build.0 = Release|Any CPU
	EndGlobalSection
	GlobalSection(SolutionProperties) = preSolution
		HideSolutionNode = FALSE
	EndGlobalSection
EndGlobal
